{
  "version": 4,
  "terraform_version": "1.3.6",
  "serial": 188,
  "lineage": "37abfd07-11ec-6598-97c7-7bb4f3bf2179",
  "outputs": {
    "FortiGate-InstanceName": {
      "value": "tec-fgt-rxu",
      "type": "string"
    },
    "FortiGate-NATIP": {
      "value": "35.192.12.153",
      "type": "string"
    },
    "FortiGate-Password": {
      "value": "5234108404347354142",
      "type": "string"
    },
    "FortiGate-Username": {
      "value": "admin",
      "type": "string"
    }
  },
  "resources": [
    {
      "mode": "data",
      "type": "template_file",
      "name": "linux-metadata",
      "provider": "provider[\"registry.terraform.io/hashicorp/template\"]",
      "instances": [
        {
          "schema_version": 0,
          "attributes": {
            "filename": null,
            "id": "31ef8a7002e63003cfc5dfee8265af52344af31134ea809d054f905340efb6c9",
            "rendered": "#!/bin/bash\nexec \u003e \u003e(tee /var/log/user-data.log|logger -t user-data -s 2\u003e/dev/console) 2\u003e\u00261\necho \"Wait for Internet access through the FGTs\"\nwhile ! curl --connect-timeout 3 \"http://www.google.com\" \u0026\u003e /dev/null\n    do continue\ndone\napt-get update -y\n#install apache2\napt-get install -y apache2\ncd /var/www/html\nbase64 /dev/urandom | head -c 32768 \u003e 32KB.txt\nbase64 /dev/urandom | head -c 45056 \u003e 44KB.txt\nbase64 /dev/urandom | head -c 65536 \u003e 64KB.txt\nbase64 /dev/urandom | head -c 131072 \u003e 128KB.txt\na2enmod ssl\nservice apache2 restart\na2ensite default-ssl.conf\na2disconf other-vhosts-access-log\nsed -i 's/#*[Cc]ustom[Ll]og/#CustomLog/g' /etc/apache2/sites-enabled/*\nsed -i 's/#*[Ee]rror[Ll]og/#ErrorLog/g' /etc/apache2/sites-enabled/*\nsed -i 's/KeepAlive On/KeepAlive Off/g' /etc/apache2/apache2.conf\nservice apache2 reload\n#install iperf\napt-get install -y iperf\n#install iperf3\napt-get install -y iperf3\niperf3 --server --daemon --logfile /var/log/iperf3.txt --pidfile /run/iperf3.pid\n/usr/sbin/useradd student1\necho student1:Fortinet1! | chpasswd\nusermod -aG sudo student1\nsudo sed -i \"/^[^#]*PasswordAuthentication[[:space:]]no/c\\PasswordAuthentication yes\" /etc/ssh/sshd_config\nsudo service sshd restart\n",
            "template": "#!/bin/bash\nexec \u003e \u003e(tee /var/log/user-data.log|logger -t user-data -s 2\u003e/dev/console) 2\u003e\u00261\necho \"Wait for Internet access through the FGTs\"\nwhile ! curl --connect-timeout 3 \"http://www.google.com\" \u0026\u003e /dev/null\n    do continue\ndone\napt-get update -y\n#install apache2\napt-get install -y apache2\ncd /var/www/html\nbase64 /dev/urandom | head -c 32768 \u003e 32KB.txt\nbase64 /dev/urandom | head -c 45056 \u003e 44KB.txt\nbase64 /dev/urandom | head -c 65536 \u003e 64KB.txt\nbase64 /dev/urandom | head -c 131072 \u003e 128KB.txt\na2enmod ssl\nservice apache2 restart\na2ensite default-ssl.conf\na2disconf other-vhosts-access-log\nsed -i 's/#*[Cc]ustom[Ll]og/#CustomLog/g' /etc/apache2/sites-enabled/*\nsed -i 's/#*[Ee]rror[Ll]og/#ErrorLog/g' /etc/apache2/sites-enabled/*\nsed -i 's/KeepAlive On/KeepAlive Off/g' /etc/apache2/apache2.conf\nservice apache2 reload\n#install iperf\napt-get install -y iperf\n#install iperf3\napt-get install -y iperf3\niperf3 --server --daemon --logfile /var/log/iperf3.txt --pidfile /run/iperf3.pid\n/usr/sbin/useradd student1\necho student1:Fortinet1! | chpasswd\nusermod -aG sudo student1\nsudo sed -i \"/^[^#]*PasswordAuthentication[[:space:]]no/c\\PasswordAuthentication yes\" /etc/ssh/sshd_config\nsudo service sshd restart\n",
            "vars": null
          },
          "sensitive_attributes": []
        }
      ]
    },
    {
      "mode": "managed",
      "type": "google_compute_disk",
      "name": "logdisk",
      "provider": "provider[\"registry.terraform.io/hashicorp/google\"]",
      "instances": [
        {
          "schema_version": 0,
          "attributes": {
            "creation_timestamp": "2022-12-30T07:25:04.514-08:00",
            "description": "",
            "disk_encryption_key": [],
            "id": "projects/cse-us-341516/zones/us-central1-c/disks/log-disk-rxu",
            "image": "",
            "label_fingerprint": "42WmSpB8rSM=",
            "labels": null,
            "last_attach_timestamp": "",
            "last_detach_timestamp": "",
            "name": "log-disk-rxu",
            "physical_block_size_bytes": 4096,
            "project": "cse-us-341516",
            "provisioned_iops": 0,
            "self_link": "https://www.googleapis.com/compute/v1/projects/cse-us-341516/zones/us-central1-c/disks/log-disk-rxu",
            "size": 30,
            "snapshot": "",
            "source_disk": "",
            "source_disk_id": "",
            "source_image_encryption_key": [],
            "source_image_id": "",
            "source_snapshot_encryption_key": [],
            "source_snapshot_id": "",
            "timeouts": null,
            "type": "pd-standard",
            "users": [],
            "zone": "us-central1-c"
          },
          "sensitive_attributes": [],
          "private": "eyJlMmJmYjczMC1lY2FhLTExZTYtOGY4OC0zNDM2M2JjN2M0YzAiOnsiY3JlYXRlIjoxMjAwMDAwMDAwMDAwLCJkZWxldGUiOjEyMDAwMDAwMDAwMDAsInVwZGF0ZSI6MTIwMDAwMDAwMDAwMH19",
          "dependencies": [
            "random_string.random_name_post"
          ]
        }
      ]
    },
    {
      "mode": "managed",
      "type": "google_compute_firewall",
      "name": "allow-all-fgt",
      "provider": "provider[\"registry.terraform.io/hashicorp/google\"]",
      "instances": [
        {
          "schema_version": 1,
          "attributes": {
            "allow": [
              {
                "ports": [],
                "protocol": "all"
              },
              {
                "ports": [],
                "protocol": "icmp"
              }
            ],
            "creation_timestamp": "2022-12-30T07:25:25.959-08:00",
            "deny": [],
            "description": "",
            "destination_ranges": [],
            "direction": "INGRESS",
            "disabled": false,
            "enable_logging": null,
            "id": "projects/cse-us-341516/global/firewalls/allow-fgt-rxu",
            "log_config": [],
            "name": "allow-fgt-rxu",
            "network": "https://www.googleapis.com/compute/v1/projects/cse-us-341516/global/networks/untrust-rxu",
            "priority": 1000,
            "project": "cse-us-341516",
            "self_link": "https://www.googleapis.com/compute/v1/projects/cse-us-341516/global/firewalls/allow-fgt-rxu",
            "source_ranges": [
              "0.0.0.0/0"
            ],
            "source_service_accounts": null,
            "source_tags": null,
            "target_service_accounts": null,
            "target_tags": [
              "allow-fgt"
            ],
            "timeouts": null
          },
          "sensitive_attributes": [],
          "private": "eyJlMmJmYjczMC1lY2FhLTExZTYtOGY4OC0zNDM2M2JjN2M0YzAiOnsiY3JlYXRlIjoxMjAwMDAwMDAwMDAwLCJkZWxldGUiOjEyMDAwMDAwMDAwMDAsInVwZGF0ZSI6MTIwMDAwMDAwMDAwMH0sInNjaGVtYV92ZXJzaW9uIjoiMSJ9",
          "dependencies": [
            "google_compute_network.untrust",
            "random_string.random_name_post"
          ]
        }
      ]
    },
    {
      "mode": "managed",
      "type": "google_compute_firewall",
      "name": "allow-internal",
      "provider": "provider[\"registry.terraform.io/hashicorp/google\"]",
      "instances": [
        {
          "schema_version": 1,
          "attributes": {
            "allow": [
              {
                "ports": [],
                "protocol": "all"
              }
            ],
            "creation_timestamp": "2022-12-30T07:25:26.113-08:00",
            "deny": [],
            "description": "",
            "destination_ranges": [],
            "direction": "INGRESS",
            "disabled": false,
            "enable_logging": null,
            "id": "projects/cse-us-341516/global/firewalls/allow-internal-rxu",
            "log_config": [],
            "name": "allow-internal-rxu",
            "network": "https://www.googleapis.com/compute/v1/projects/cse-us-341516/global/networks/trust-rxu",
            "priority": 1000,
            "project": "cse-us-341516",
            "self_link": "https://www.googleapis.com/compute/v1/projects/cse-us-341516/global/firewalls/allow-internal-rxu",
            "source_ranges": [
              "0.0.0.0/0"
            ],
            "source_service_accounts": null,
            "source_tags": null,
            "target_service_accounts": null,
            "target_tags": [
              "allow-internal"
            ],
            "timeouts": null
          },
          "sensitive_attributes": [],
          "private": "eyJlMmJmYjczMC1lY2FhLTExZTYtOGY4OC0zNDM2M2JjN2M0YzAiOnsiY3JlYXRlIjoxMjAwMDAwMDAwMDAwLCJkZWxldGUiOjEyMDAwMDAwMDAwMDAsInVwZGF0ZSI6MTIwMDAwMDAwMDAwMH0sInNjaGVtYV92ZXJzaW9uIjoiMSJ9",
          "dependencies": [
            "google_compute_network.trust",
            "random_string.random_name_post"
          ]
        }
      ]
    },
    {
      "mode": "managed",
      "type": "google_compute_instance",
      "name": "fortigate",
      "provider": "provider[\"registry.terraform.io/hashicorp/google\"]",
      "instances": [
        {
          "schema_version": 6,
          "attributes": {
            "advanced_machine_features": [],
            "allow_stopping_for_update": null,
            "attached_disk": [
              {
                "device_name": "persistent-disk-1",
                "disk_encryption_key_raw": "",
                "disk_encryption_key_sha256": "",
                "kms_key_self_link": "",
                "mode": "READ_WRITE",
                "source": "https://www.googleapis.com/compute/v1/projects/cse-us-341516/zones/us-central1-c/disks/log-disk-rxu"
              }
            ],
            "boot_disk": [
              {
                "auto_delete": true,
                "device_name": "persistent-disk-0",
                "disk_encryption_key_raw": "",
                "disk_encryption_key_sha256": "",
                "initialize_params": [
                  {
                    "image": "https://www.googleapis.com/compute/v1/projects/fortigcp-project-001/global/images/fortinet-fgtondemand-723-20221110-001-w-license",
                    "labels": {},
                    "size": 10,
                    "type": "pd-standard"
                  }
                ],
                "kms_key_self_link": "",
                "mode": "READ_WRITE",
                "source": "https://www.googleapis.com/compute/v1/projects/cse-us-341516/zones/us-central1-c/disks/tec-fgt-rxu"
              }
            ],
            "can_ip_forward": true,
            "confidential_instance_config": [],
            "cpu_platform": "Intel Haswell",
            "current_status": "RUNNING",
            "deletion_protection": false,
            "description": "",
            "desired_status": null,
            "enable_display": false,
            "guest_accelerator": [],
            "hostname": "",
            "id": "projects/cse-us-341516/zones/us-central1-c/instances/tec-fgt-rxu",
            "instance_id": "5234108404347354142",
            "label_fingerprint": "42WmSpB8rSM=",
            "labels": null,
            "machine_type": "n1-standard-1",
            "metadata": {
              "license": "",
              "user-data": "config firewall policy\n    edit 1\n        set name inside-out\n        set srcintf port2\n        set dstintf port1\n        set action accept\n        set srcaddr all\n        set dstaddr all\n        set schedule always\n        set service ALL\n        set nat enable\n    next\n    edit 2\n        set name ubu-vip-in\n        set srcintf port1\n        set dstintf port2\n        set action accept\n        set srcaddr all\n        set dstaddr ubu-serv\n        set schedule always\n        set service HTTP\n        set nat enable\n    next\nend\n\nconfig firewall vip\n    edit ubu-serv\n        set mappedip 192.168.129.3\n        set extintf port1\n        set portforward enable\n        set extport 8080\n        set mappedport 80\n    next\nend\n"
            },
            "metadata_fingerprint": "xieU5MQj61c=",
            "metadata_startup_script": null,
            "min_cpu_platform": "",
            "name": "tec-fgt-rxu",
            "network_interface": [
              {
                "access_config": [
                  {
                    "nat_ip": "35.192.12.153",
                    "network_tier": "PREMIUM",
                    "public_ptr_domain_name": ""
                  }
                ],
                "alias_ip_range": [],
                "ipv6_access_config": [],
                "ipv6_access_type": "",
                "name": "nic0",
                "network": "https://www.googleapis.com/compute/v1/projects/cse-us-341516/global/networks/untrust-rxu",
                "network_ip": "192.168.128.2",
                "nic_type": "",
                "queue_count": 0,
                "stack_type": "IPV4_ONLY",
                "subnetwork": "https://www.googleapis.com/compute/v1/projects/cse-us-341516/regions/us-central1/subnetworks/untrust-subnet-rxu",
                "subnetwork_project": "cse-us-341516"
              },
              {
                "access_config": [],
                "alias_ip_range": [],
                "ipv6_access_config": [],
                "ipv6_access_type": "",
                "name": "nic1",
                "network": "https://www.googleapis.com/compute/v1/projects/cse-us-341516/global/networks/trust-rxu",
                "network_ip": "192.168.129.2",
                "nic_type": "",
                "queue_count": 0,
                "stack_type": "IPV4_ONLY",
                "subnetwork": "https://www.googleapis.com/compute/v1/projects/cse-us-341516/regions/us-central1/subnetworks/trust-subnet-rxu",
                "subnetwork_project": "cse-us-341516"
              }
            ],
            "project": "cse-us-341516",
            "reservation_affinity": [],
            "resource_policies": null,
            "scheduling": [
              {
                "automatic_restart": false,
                "instance_termination_action": "",
                "min_node_cpus": 0,
                "node_affinities": [],
                "on_host_maintenance": "TERMINATE",
                "preemptible": true,
                "provisioning_model": ""
              }
            ],
            "scratch_disk": [],
            "self_link": "https://www.googleapis.com/compute/v1/projects/cse-us-341516/zones/us-central1-c/instances/tec-fgt-rxu",
            "service_account": [
              {
                "email": "726589262642-compute@developer.gserviceaccount.com",
                "scopes": [
                  "https://www.googleapis.com/auth/compute.readonly",
                  "https://www.googleapis.com/auth/devstorage.read_only",
                  "https://www.googleapis.com/auth/userinfo.email"
                ]
              }
            ],
            "shielded_instance_config": [],
            "tags": [
              "allow-fgt",
              "allow-internal"
            ],
            "tags_fingerprint": "AkZ4B380BYw=",
            "timeouts": null,
            "zone": "us-central1-c"
          },
          "sensitive_attributes": [],
          "private": "eyJlMmJmYjczMC1lY2FhLTExZTYtOGY4OC0zNDM2M2JjN2M0YzAiOnsiY3JlYXRlIjoxMjAwMDAwMDAwMDAwLCJkZWxldGUiOjEyMDAwMDAwMDAwMDAsInVwZGF0ZSI6MTIwMDAwMDAwMDAwMH0sInNjaGVtYV92ZXJzaW9uIjoiNiJ9",
          "dependencies": [
            "google_compute_disk.logdisk",
            "google_compute_network.trust",
            "google_compute_network.untrust",
            "google_compute_subnetwork.trust",
            "google_compute_subnetwork.untrust",
            "random_string.random_name_post"
          ]
        }
      ]
    },
    {
      "mode": "managed",
      "type": "google_compute_instance",
      "name": "ubuntu",
      "provider": "provider[\"registry.terraform.io/hashicorp/google\"]",
      "instances": [
        {
          "schema_version": 6,
          "attributes": {
            "advanced_machine_features": [],
            "allow_stopping_for_update": null,
            "attached_disk": [],
            "boot_disk": [
              {
                "auto_delete": true,
                "device_name": "persistent-disk-0",
                "disk_encryption_key_raw": "",
                "disk_encryption_key_sha256": "",
                "initialize_params": [
                  {
                    "image": "https://www.googleapis.com/compute/v1/projects/ubuntu-os-pro-cloud/global/images/ubuntu-pro-2004-focal-v20221214",
                    "labels": {},
                    "size": 10,
                    "type": "pd-standard"
                  }
                ],
                "kms_key_self_link": "",
                "mode": "READ_WRITE",
                "source": "https://www.googleapis.com/compute/v1/projects/cse-us-341516/zones/us-central1-c/disks/tec-ubu-rxu"
              }
            ],
            "can_ip_forward": false,
            "confidential_instance_config": [],
            "cpu_platform": "Intel Haswell",
            "current_status": "RUNNING",
            "deletion_protection": false,
            "description": "",
            "desired_status": null,
            "enable_display": false,
            "guest_accelerator": [],
            "hostname": "",
            "id": "projects/cse-us-341516/zones/us-central1-c/instances/tec-ubu-rxu",
            "instance_id": "6530279480731286558",
            "label_fingerprint": "42WmSpB8rSM=",
            "labels": null,
            "machine_type": "n1-standard-1",
            "metadata": null,
            "metadata_fingerprint": "Zq1N5lFDAlA=",
            "metadata_startup_script": "#!/bin/bash\nexec \u003e \u003e(tee /var/log/user-data.log|logger -t user-data -s 2\u003e/dev/console) 2\u003e\u00261\necho \"Wait for Internet access through the FGTs\"\nwhile ! curl --connect-timeout 3 \"http://www.google.com\" \u0026\u003e /dev/null\n    do continue\ndone\napt-get update -y\n#install apache2\napt-get install -y apache2\ncd /var/www/html\nbase64 /dev/urandom | head -c 32768 \u003e 32KB.txt\nbase64 /dev/urandom | head -c 45056 \u003e 44KB.txt\nbase64 /dev/urandom | head -c 65536 \u003e 64KB.txt\nbase64 /dev/urandom | head -c 131072 \u003e 128KB.txt\na2enmod ssl\nservice apache2 restart\na2ensite default-ssl.conf\na2disconf other-vhosts-access-log\nsed -i 's/#*[Cc]ustom[Ll]og/#CustomLog/g' /etc/apache2/sites-enabled/*\nsed -i 's/#*[Ee]rror[Ll]og/#ErrorLog/g' /etc/apache2/sites-enabled/*\nsed -i 's/KeepAlive On/KeepAlive Off/g' /etc/apache2/apache2.conf\nservice apache2 reload\n#install iperf\napt-get install -y iperf\n#install iperf3\napt-get install -y iperf3\niperf3 --server --daemon --logfile /var/log/iperf3.txt --pidfile /run/iperf3.pid\n/usr/sbin/useradd student1\necho student1:Fortinet1! | chpasswd\nusermod -aG sudo student1\nsudo sed -i \"/^[^#]*PasswordAuthentication[[:space:]]no/c\\PasswordAuthentication yes\" /etc/ssh/sshd_config\nsudo service sshd restart\n",
            "min_cpu_platform": "",
            "name": "tec-ubu-rxu",
            "network_interface": [
              {
                "access_config": [],
                "alias_ip_range": [],
                "ipv6_access_config": [],
                "ipv6_access_type": "",
                "name": "nic0",
                "network": "https://www.googleapis.com/compute/v1/projects/cse-us-341516/global/networks/trust-rxu",
                "network_ip": "192.168.129.3",
                "nic_type": "",
                "queue_count": 0,
                "stack_type": "IPV4_ONLY",
                "subnetwork": "https://www.googleapis.com/compute/v1/projects/cse-us-341516/regions/us-central1/subnetworks/trust-subnet-rxu",
                "subnetwork_project": "cse-us-341516"
              }
            ],
            "project": "cse-us-341516",
            "reservation_affinity": [],
            "resource_policies": null,
            "scheduling": [
              {
                "automatic_restart": true,
                "instance_termination_action": "",
                "min_node_cpus": 0,
                "node_affinities": [],
                "on_host_maintenance": "MIGRATE",
                "preemptible": false,
                "provisioning_model": "STANDARD"
              }
            ],
            "scratch_disk": [],
            "self_link": "https://www.googleapis.com/compute/v1/projects/cse-us-341516/zones/us-central1-c/instances/tec-ubu-rxu",
            "service_account": [],
            "shielded_instance_config": [
              {
                "enable_integrity_monitoring": true,
                "enable_secure_boot": false,
                "enable_vtpm": true
              }
            ],
            "tags": [
              "allow-internal"
            ],
            "tags_fingerprint": "0PRvaCDq4zM=",
            "timeouts": null,
            "zone": "us-central1-c"
          },
          "sensitive_attributes": [],
          "private": "eyJlMmJmYjczMC1lY2FhLTExZTYtOGY4OC0zNDM2M2JjN2M0YzAiOnsiY3JlYXRlIjoxMjAwMDAwMDAwMDAwLCJkZWxldGUiOjEyMDAwMDAwMDAwMDAsInVwZGF0ZSI6MTIwMDAwMDAwMDAwMH0sInNjaGVtYV92ZXJzaW9uIjoiNiJ9",
          "dependencies": [
            "data.template_file.linux-metadata",
            "google_compute_network.trust",
            "google_compute_subnetwork.trust",
            "random_string.random_name_post"
          ]
        }
      ]
    },
    {
      "mode": "managed",
      "type": "google_compute_network",
      "name": "trust",
      "provider": "provider[\"registry.terraform.io/hashicorp/google\"]",
      "instances": [
        {
          "schema_version": 0,
          "attributes": {
            "auto_create_subnetworks": false,
            "delete_default_routes_on_create": false,
            "description": "",
            "enable_ula_internal_ipv6": false,
            "gateway_ipv4": "",
            "id": "projects/cse-us-341516/global/networks/trust-rxu",
            "internal_ipv6_range": "",
            "mtu": 0,
            "name": "trust-rxu",
            "project": "cse-us-341516",
            "routing_mode": "REGIONAL",
            "self_link": "https://www.googleapis.com/compute/v1/projects/cse-us-341516/global/networks/trust-rxu",
            "timeouts": null
          },
          "sensitive_attributes": [],
          "private": "eyJlMmJmYjczMC1lY2FhLTExZTYtOGY4OC0zNDM2M2JjN2M0YzAiOnsiY3JlYXRlIjoxMjAwMDAwMDAwMDAwLCJkZWxldGUiOjEyMDAwMDAwMDAwMDAsInVwZGF0ZSI6MTIwMDAwMDAwMDAwMH19",
          "dependencies": [
            "random_string.random_name_post"
          ]
        }
      ]
    },
    {
      "mode": "managed",
      "type": "google_compute_network",
      "name": "untrust",
      "provider": "provider[\"registry.terraform.io/hashicorp/google\"]",
      "instances": [
        {
          "schema_version": 0,
          "attributes": {
            "auto_create_subnetworks": false,
            "delete_default_routes_on_create": false,
            "description": "",
            "enable_ula_internal_ipv6": false,
            "gateway_ipv4": "",
            "id": "projects/cse-us-341516/global/networks/untrust-rxu",
            "internal_ipv6_range": "",
            "mtu": 0,
            "name": "untrust-rxu",
            "project": "cse-us-341516",
            "routing_mode": "REGIONAL",
            "self_link": "https://www.googleapis.com/compute/v1/projects/cse-us-341516/global/networks/untrust-rxu",
            "timeouts": null
          },
          "sensitive_attributes": [],
          "private": "eyJlMmJmYjczMC1lY2FhLTExZTYtOGY4OC0zNDM2M2JjN2M0YzAiOnsiY3JlYXRlIjoxMjAwMDAwMDAwMDAwLCJkZWxldGUiOjEyMDAwMDAwMDAwMDAsInVwZGF0ZSI6MTIwMDAwMDAwMDAwMH19",
          "dependencies": [
            "random_string.random_name_post"
          ]
        }
      ]
    },
    {
      "mode": "managed",
      "type": "google_compute_route",
      "name": "default-trust",
      "provider": "provider[\"registry.terraform.io/hashicorp/google\"]",
      "instances": [
        {
          "schema_version": 0,
          "attributes": {
            "description": "",
            "dest_range": "0.0.0.0/0",
            "id": "projects/cse-us-341516/global/routes/default-trust",
            "name": "default-trust",
            "network": "https://www.googleapis.com/compute/v1/projects/cse-us-341516/global/networks/trust-rxu",
            "next_hop_gateway": "",
            "next_hop_ilb": "",
            "next_hop_instance": "",
            "next_hop_instance_zone": null,
            "next_hop_ip": "192.168.129.2",
            "next_hop_network": "",
            "next_hop_vpn_tunnel": "",
            "priority": 100,
            "project": "cse-us-341516",
            "self_link": "https://www.googleapis.com/compute/v1/projects/cse-us-341516/global/routes/default-trust",
            "tags": null,
            "timeouts": null
          },
          "sensitive_attributes": [],
          "private": "eyJlMmJmYjczMC1lY2FhLTExZTYtOGY4OC0zNDM2M2JjN2M0YzAiOnsiY3JlYXRlIjoxMjAwMDAwMDAwMDAwLCJkZWxldGUiOjEyMDAwMDAwMDAwMDB9fQ==",
          "dependencies": [
            "google_compute_network.trust",
            "google_compute_subnetwork.trust",
            "random_string.random_name_post"
          ]
        }
      ]
    },
    {
      "mode": "managed",
      "type": "google_compute_subnetwork",
      "name": "trust",
      "provider": "provider[\"registry.terraform.io/hashicorp/google\"]",
      "instances": [
        {
          "schema_version": 0,
          "attributes": {
            "creation_timestamp": "2022-12-30T07:25:26.312-08:00",
            "description": "",
            "external_ipv6_prefix": "",
            "fingerprint": null,
            "gateway_address": "192.168.129.1",
            "id": "projects/cse-us-341516/regions/us-central1/subnetworks/trust-subnet-rxu",
            "ip_cidr_range": "192.168.129.0/25",
            "ipv6_access_type": "",
            "ipv6_cidr_range": "",
            "log_config": [],
            "name": "trust-subnet-rxu",
            "network": "https://www.googleapis.com/compute/v1/projects/cse-us-341516/global/networks/trust-rxu",
            "private_ip_google_access": false,
            "private_ipv6_google_access": "DISABLE_GOOGLE_ACCESS",
            "project": "cse-us-341516",
            "purpose": "PRIVATE",
            "region": "us-central1",
            "role": "",
            "secondary_ip_range": [],
            "self_link": "https://www.googleapis.com/compute/v1/projects/cse-us-341516/regions/us-central1/subnetworks/trust-subnet-rxu",
            "stack_type": "IPV4_ONLY",
            "timeouts": null
          },
          "sensitive_attributes": [],
          "private": "eyJlMmJmYjczMC1lY2FhLTExZTYtOGY4OC0zNDM2M2JjN2M0YzAiOnsiY3JlYXRlIjoxMjAwMDAwMDAwMDAwLCJkZWxldGUiOjEyMDAwMDAwMDAwMDAsInVwZGF0ZSI6MTIwMDAwMDAwMDAwMH19",
          "dependencies": [
            "google_compute_network.trust",
            "random_string.random_name_post"
          ]
        }
      ]
    },
    {
      "mode": "managed",
      "type": "google_compute_subnetwork",
      "name": "untrust",
      "provider": "provider[\"registry.terraform.io/hashicorp/google\"]",
      "instances": [
        {
          "schema_version": 0,
          "attributes": {
            "creation_timestamp": "2022-12-30T07:25:26.119-08:00",
            "description": "",
            "external_ipv6_prefix": "",
            "fingerprint": null,
            "gateway_address": "192.168.128.1",
            "id": "projects/cse-us-341516/regions/us-central1/subnetworks/untrust-subnet-rxu",
            "ip_cidr_range": "192.168.128.0/25",
            "ipv6_access_type": "",
            "ipv6_cidr_range": "",
            "log_config": [],
            "name": "untrust-subnet-rxu",
            "network": "https://www.googleapis.com/compute/v1/projects/cse-us-341516/global/networks/untrust-rxu",
            "private_ip_google_access": true,
            "private_ipv6_google_access": "DISABLE_GOOGLE_ACCESS",
            "project": "cse-us-341516",
            "purpose": "PRIVATE",
            "region": "us-central1",
            "role": "",
            "secondary_ip_range": [],
            "self_link": "https://www.googleapis.com/compute/v1/projects/cse-us-341516/regions/us-central1/subnetworks/untrust-subnet-rxu",
            "stack_type": "IPV4_ONLY",
            "timeouts": null
          },
          "sensitive_attributes": [],
          "private": "eyJlMmJmYjczMC1lY2FhLTExZTYtOGY4OC0zNDM2M2JjN2M0YzAiOnsiY3JlYXRlIjoxMjAwMDAwMDAwMDAwLCJkZWxldGUiOjEyMDAwMDAwMDAwMDAsInVwZGF0ZSI6MTIwMDAwMDAwMDAwMH19",
          "dependencies": [
            "google_compute_network.untrust",
            "random_string.random_name_post"
          ]
        }
      ]
    },
    {
      "mode": "managed",
      "type": "random_string",
      "name": "random_name_post",
      "provider": "provider[\"registry.terraform.io/hashicorp/random\"]",
      "instances": [
        {
          "schema_version": 2,
          "attributes": {
            "id": "rxu",
            "keepers": null,
            "length": 3,
            "lower": true,
            "min_lower": 3,
            "min_numeric": 0,
            "min_special": 0,
            "min_upper": 0,
            "number": true,
            "numeric": true,
            "override_special": "",
            "result": "rxu",
            "special": true,
            "upper": true
          },
          "sensitive_attributes": []
        }
      ]
    }
  ],
  "check_results": null
}
